
Microsoft Visual Studio Solution File, Format Version 12.00
# Visual Studio 14
VisualStudioVersion = 14.0.23107.0
MinimumVisualStudioVersion = 10.0.40219.1
Project("{FAE04EC0-301F-11D3-BF4B-00C04F79EFBC}") = "IFactory.UI", "IFactory.UI\IFactory.UI.csproj", "{7DFE43C7-9106-4552-B67D-908E27581238}"
EndProject
Project("{FAE04EC0-301F-11D3-BF4B-00C04F79EFBC}") = "IFactory.UI.Controls", "IFactory.UI.Controls\IFactory.UI.Controls.csproj", "{01BD3C01-35B8-4C2A-9BD9-051A04782D30}"
EndProject
Project("{FAE04EC0-301F-11D3-BF4B-00C04F79EFBC}") = "IFactory.UI.Core", "IFactory.UI.Core\IFactory.UI.Core.csproj", "{E956CA55-69D5-4427-8FDB-C915AF178643}"
EndProject
Project("{FAE04EC0-301F-11D3-BF4B-00C04F79EFBC}") = "IFactory.Common", "IFactory.Common\IFactory.Common.csproj", "{DE47FCB5-AAE3-4F72-812F-F3CD45C3DF0A}"
EndProject
Project("{FAE04EC0-301F-11D3-BF4B-00C04F79EFBC}") = "IFactory.Domain", "IFactory.Domain\IFactory.Domain.csproj", "{9E09FC85-48CB-4204-80BA-DBA9102EA651}"
EndProject
Project("{FAE04EC0-301F-11D3-BF4B-00C04F79EFBC}") = "IFactory.Platform.Client", "IFactory.Platform.Client\IFactory.Platform.Client.csproj", "{1318A70C-80FE-4037-AC76-9057A635C654}"
EndProject
Project("{FAE04EC0-301F-11D3-BF4B-00C04F79EFBC}") = "IFactory.Platform.Common", "IFactory.Platform.Common\IFactory.Platform.Common.csproj", "{B16825F6-A25F-4CCE-9F81-D20A50612268}"
EndProject
Project("{FAE04EC0-301F-11D3-BF4B-00C04F79EFBC}") = "IFactory.Data", "IFactory.Data\IFactory.Data.csproj", "{A26C0C21-B5A9-45D2-A197-625A201B9FE9}"
EndProject
Project("{FAE04EC0-301F-11D3-BF4B-00C04F79EFBC}") = "IFactory.WebApi", "IFactory.WebApi\IFactory.WebApi.csproj", "{970E8EE8-5C59-45C7-98AF-6C98BE7A2F01}"
EndProject
Project("{FAE04EC0-301F-11D3-BF4B-00C04F79EFBC}") = "IFactory.LocalMap", "IFactory.LocalMap\IFactory.LocalMap.csproj", "{81991B1D-4386-4A95-AFF9-60111F34F202}"
EndProject
Project("{FAE04EC0-301F-11D3-BF4B-00C04F79EFBC}") = "IFactory.LocalApi", "IFactory.LocalAPI\IFactory.LocalApi.csproj", "{96EF1C42-B525-4777-97B4-E14105F2F13A}"
EndProject
Project("{FAE04EC0-301F-11D3-BF4B-00C04F79EFBC}") = "IFactory.DB", "IFactory.DB\IFactory.DB.csproj", "{2C3BD135-F4FF-4132-9705-455F5F0F0DE1}"
EndProject
Project("{FAE04EC0-301F-11D3-BF4B-00C04F79EFBC}") = "IFactory.Service", "IFactory.Service\IFactory.Service.csproj", "{A5356ED9-0903-4C67-9FB3-62A224F2863F}"
EndProject
Project("{FAE04EC0-301F-11D3-BF4B-00C04F79EFBC}") = "IFactory.Platform.Core", "IFactory.Platform.Core\IFactory.Platform.Core.csproj", "{F72F2AD8-B7D4-4809-A8DB-1F3EDED85858}"
EndProject
Project("{FAE04EC0-301F-11D3-BF4B-00C04F79EFBC}") = "ATL_MC.EpsonScaraRobotController", "ATL_MC.EpsonScaraRobotController\ATL_MC.EpsonScaraRobotController\ATL_MC.EpsonScaraRobotController.csproj", "{388B833A-EC59-4209-979D-26C3FB772458}"
EndProject
Project("{FAE04EC0-301F-11D3-BF4B-00C04F79EFBC}") = "ATL_MC.IBG_LOG", "ATL_MC.IBG_LOG\ATL_MC.IBG_LOG\ATL_MC.IBG_LOG.csproj", "{674ED857-6C59-4AB7-B90D-CF614E07ECAF}"
EndProject
Project("{FAE04EC0-301F-11D3-BF4B-00C04F79EFBC}") = "ATL_MC.KEYENCE.PLC", "ATL_MC.KEYENCE.PLC\ATL_MC.KEYENCE.PLC\ATL_MC.KEYENCE.PLC.csproj", "{70AFBBFC-AA1B-416A-B902-74628D066F10}"
EndProject
Project("{FAE04EC0-301F-11D3-BF4B-00C04F79EFBC}") = "ATL_MC.MainCtrl", "ATL_MC.MainCtrl\ATL_MC.MainCtrl\ATL_MC.MainCtrl.csproj", "{5A3BA131-D2A8-4C1B-903C-E7DC069C275E}"
EndProject
Project("{FAE04EC0-301F-11D3-BF4B-00C04F79EFBC}") = "ATL_MC.Modbus", "ATL_MC.Modbus\ATL_MC.Modbus.csproj", "{96DE76FB-C0A9-4553-8ABC-1FDA801BAB06}"
EndProject
Project("{FAE04EC0-301F-11D3-BF4B-00C04F79EFBC}") = "ATL_MC.SR_1000", "ATL_MC.SR_1000\ATL_MC.SR_1000.csproj", "{19620B7B-DC2D-44DA-9710-9D0989B9240F}"
EndProject
Project("{FAE04EC0-301F-11D3-BF4B-00C04F79EFBC}") = "ATL_MC.Vision", "ATL_MC.Vision\ATL_MC.Vision.csproj", "{8915B218-FACE-4947-8DEF-DE353BE4008B}"
EndProject
Project("{FAE04EC0-301F-11D3-BF4B-00C04F79EFBC}") = "ATL_MC.KangShiDaLight", "ATL_MC_KangShiDaLight\ATL_MC_KangShiDaLight\ATL_MC.KangShiDaLight.csproj", "{5ACE1107-337C-41CB-866E-E10985188EFA}"
EndProject
Project("{FAE04EC0-301F-11D3-BF4B-00C04F79EFBC}") = "BaslerCamera", "BaslerCamera\BaslerCamera.csproj", "{00CF42FF-2180-44D8-89F3-CB02829CE355}"
EndProject
Project("{FAE04EC0-301F-11D3-BF4B-00C04F79EFBC}") = "WpfApplicationTest", "WpfApplicationTest\WpfApplicationTest.csproj", "{03DC9320-67CD-40EC-BEFD-755FC208D347}"
EndProject
Project("{FAE04EC0-301F-11D3-BF4B-00C04F79EFBC}") = "ATL_MC.BIS", "ATL_MC.BIS\ATL_MC.BIS.csproj", "{B5CF1DEF-4E91-4A7D-81E7-74B8FDDA19EA}"
EndProject
Project("{FAE04EC0-301F-11D3-BF4B-00C04F79EFBC}") = "ATL_MC.CtrlIni", "ATL_MC.CtrlIni\ATL_MC.CtrlIni.csproj", "{751756FD-B705-4C17-A6F8-43973A8A45BE}"
EndProject
Project("{FAE04EC0-301F-11D3-BF4B-00C04F79EFBC}") = "MyExcel", "MyExcel\MyExcel.csproj", "{CFBD5549-864C-435B-9D75-782A19E17D30}"
EndProject
Project("{FAE04EC0-301F-11D3-BF4B-00C04F79EFBC}") = "ATL_MC.DAL", "ATL_MC.DAL\ATL_MC.DAL.csproj", "{DA6CFEB0-9C14-423F-862A-4FD10D79305D}"
EndProject
Project("{FAE04EC0-301F-11D3-BF4B-00C04F79EFBC}") = "PVCommon", "ATL_MC.Common\PVCommon.csproj", "{AB26958D-7FCB-48FD-AD77-517DDF299475}"
EndProject
Global
	GlobalSection(SolutionConfigurationPlatforms) = preSolution
		Debug|Any CPU = Debug|Any CPU
		Debug|x64 = Debug|x64
		Release|Any CPU = Release|Any CPU
		Release|x64 = Release|x64
	EndGlobalSection
	GlobalSection(ProjectConfigurationPlatforms) = postSolution
		{7DFE43C7-9106-4552-B67D-908E27581238}.Debug|Any CPU.ActiveCfg = Debug|Any CPU
		{7DFE43C7-9106-4552-B67D-908E27581238}.Debug|Any CPU.Build.0 = Debug|Any CPU
		{7DFE43C7-9106-4552-B67D-908E27581238}.Debug|x64.ActiveCfg = Debug|Any CPU
		{7DFE43C7-9106-4552-B67D-908E27581238}.Debug|x64.Build.0 = Debug|Any CPU
		{7DFE43C7-9106-4552-B67D-908E27581238}.Release|Any CPU.ActiveCfg = Release|Any CPU
		{7DFE43C7-9106-4552-B67D-908E27581238}.Release|Any CPU.Build.0 = Release|Any CPU
		{7DFE43C7-9106-4552-B67D-908E27581238}.Release|x64.ActiveCfg = Release|Any CPU
		{7DFE43C7-9106-4552-B67D-908E27581238}.Release|x64.Build.0 = Release|Any CPU
		{01BD3C01-35B8-4C2A-9BD9-051A04782D30}.Debug|Any CPU.ActiveCfg = Debug|Any CPU
		{01BD3C01-35B8-4C2A-9BD9-051A04782D30}.Debug|Any CPU.Build.0 = Debug|Any CPU
		{01BD3C01-35B8-4C2A-9BD9-051A04782D30}.Debug|x64.ActiveCfg = Debug|Any CPU
		{01BD3C01-35B8-4C2A-9BD9-051A04782D30}.Debug|x64.Build.0 = Debug|Any CPU
		{01BD3C01-35B8-4C2A-9BD9-051A04782D30}.Release|Any CPU.ActiveCfg = Release|Any CPU
		{01BD3C01-35B8-4C2A-9BD9-051A04782D30}.Release|Any CPU.Build.0 = Release|Any CPU
		{01BD3C01-35B8-4C2A-9BD9-051A04782D30}.Release|x64.ActiveCfg = Release|Any CPU
		{01BD3C01-35B8-4C2A-9BD9-051A04782D30}.Release|x64.Build.0 = Release|Any CPU
		{E956CA55-69D5-4427-8FDB-C915AF178643}.Debug|Any CPU.ActiveCfg = Debug|Any CPU
		{E956CA55-69D5-4427-8FDB-C915AF178643}.Debug|Any CPU.Build.0 = Debug|Any CPU
		{E956CA55-69D5-4427-8FDB-C915AF178643}.Debug|x64.ActiveCfg = Debug|Any CPU
		{E956CA55-69D5-4427-8FDB-C915AF178643}.Debug|x64.Build.0 = Debug|Any CPU
		{E956CA55-69D5-4427-8FDB-C915AF178643}.Release|Any CPU.ActiveCfg = Release|Any CPU
		{E956CA55-69D5-4427-8FDB-C915AF178643}.Release|Any CPU.Build.0 = Release|Any CPU
		{E956CA55-69D5-4427-8FDB-C915AF178643}.Release|x64.ActiveCfg = Release|Any CPU
		{E956CA55-69D5-4427-8FDB-C915AF178643}.Release|x64.Build.0 = Release|Any CPU
		{DE47FCB5-AAE3-4F72-812F-F3CD45C3DF0A}.Debug|Any CPU.ActiveCfg = Debug|Any CPU
		{DE47FCB5-AAE3-4F72-812F-F3CD45C3DF0A}.Debug|Any CPU.Build.0 = Debug|Any CPU
		{DE47FCB5-AAE3-4F72-812F-F3CD45C3DF0A}.Debug|x64.ActiveCfg = Debug|Any CPU
		{DE47FCB5-AAE3-4F72-812F-F3CD45C3DF0A}.Debug|x64.Build.0 = Debug|Any CPU
		{DE47FCB5-AAE3-4F72-812F-F3CD45C3DF0A}.Release|Any CPU.ActiveCfg = Release|Any CPU
		{DE47FCB5-AAE3-4F72-812F-F3CD45C3DF0A}.Release|Any CPU.Build.0 = Release|Any CPU
		{DE47FCB5-AAE3-4F72-812F-F3CD45C3DF0A}.Release|x64.ActiveCfg = Release|Any CPU
		{DE47FCB5-AAE3-4F72-812F-F3CD45C3DF0A}.Release|x64.Build.0 = Release|Any CPU
		{9E09FC85-48CB-4204-80BA-DBA9102EA651}.Debug|Any CPU.ActiveCfg = Debug|Any CPU
		{9E09FC85-48CB-4204-80BA-DBA9102EA651}.Debug|Any CPU.Build.0 = Debug|Any CPU
		{9E09FC85-48CB-4204-80BA-DBA9102EA651}.Debug|x64.ActiveCfg = Debug|Any CPU
		{9E09FC85-48CB-4204-80BA-DBA9102EA651}.Debug|x64.Build.0 = Debug|Any CPU
		{9E09FC85-48CB-4204-80BA-DBA9102EA651}.Release|Any CPU.ActiveCfg = Release|Any CPU
		{9E09FC85-48CB-4204-80BA-DBA9102EA651}.Release|Any CPU.Build.0 = Release|Any CPU
		{9E09FC85-48CB-4204-80BA-DBA9102EA651}.Release|x64.ActiveCfg = Release|Any CPU
		{9E09FC85-48CB-4204-80BA-DBA9102EA651}.Release|x64.Build.0 = Release|Any CPU
		{1318A70C-80FE-4037-AC76-9057A635C654}.Debug|Any CPU.ActiveCfg = Debug|Any CPU
		{1318A70C-80FE-4037-AC76-9057A635C654}.Debug|Any CPU.Build.0 = Debug|Any CPU
		{1318A70C-80FE-4037-AC76-9057A635C654}.Debug|x64.ActiveCfg = Debug|Any CPU
		{1318A70C-80FE-4037-AC76-9057A635C654}.Debug|x64.Build.0 = Debug|Any CPU
		{1318A70C-80FE-4037-AC76-9057A635C654}.Release|Any CPU.ActiveCfg = Release|Any CPU
		{1318A70C-80FE-4037-AC76-9057A635C654}.Release|Any CPU.Build.0 = Release|Any CPU
		{1318A70C-80FE-4037-AC76-9057A635C654}.Release|x64.ActiveCfg = Release|Any CPU
		{1318A70C-80FE-4037-AC76-9057A635C654}.Release|x64.Build.0 = Release|Any CPU
		{B16825F6-A25F-4CCE-9F81-D20A50612268}.Debug|Any CPU.ActiveCfg = Debug|Any CPU
		{B16825F6-A25F-4CCE-9F81-D20A50612268}.Debug|Any CPU.Build.0 = Debug|Any CPU
		{B16825F6-A25F-4CCE-9F81-D20A50612268}.Debug|x64.ActiveCfg = Debug|Any CPU
		{B16825F6-A25F-4CCE-9F81-D20A50612268}.Debug|x64.Build.0 = Debug|Any CPU
		{B16825F6-A25F-4CCE-9F81-D20A50612268}.Release|Any CPU.ActiveCfg = Release|Any CPU
		{B16825F6-A25F-4CCE-9F81-D20A50612268}.Release|Any CPU.Build.0 = Release|Any CPU
		{B16825F6-A25F-4CCE-9F81-D20A50612268}.Release|x64.ActiveCfg = Release|Any CPU
		{B16825F6-A25F-4CCE-9F81-D20A50612268}.Release|x64.Build.0 = Release|Any CPU
		{A26C0C21-B5A9-45D2-A197-625A201B9FE9}.Debug|Any CPU.ActiveCfg = Debug|Any CPU
		{A26C0C21-B5A9-45D2-A197-625A201B9FE9}.Debug|Any CPU.Build.0 = Debug|Any CPU
		{A26C0C21-B5A9-45D2-A197-625A201B9FE9}.Debug|x64.ActiveCfg = Debug|Any CPU
		{A26C0C21-B5A9-45D2-A197-625A201B9FE9}.Debug|x64.Build.0 = Debug|Any CPU
		{A26C0C21-B5A9-45D2-A197-625A201B9FE9}.Release|Any CPU.ActiveCfg = Release|Any CPU
		{A26C0C21-B5A9-45D2-A197-625A201B9FE9}.Release|Any CPU.Build.0 = Release|Any CPU
		{A26C0C21-B5A9-45D2-A197-625A201B9FE9}.Release|x64.ActiveCfg = Release|Any CPU
		{A26C0C21-B5A9-45D2-A197-625A201B9FE9}.Release|x64.Build.0 = Release|Any CPU
		{970E8EE8-5C59-45C7-98AF-6C98BE7A2F01}.Debug|Any CPU.ActiveCfg = Debug|Any CPU
		{970E8EE8-5C59-45C7-98AF-6C98BE7A2F01}.Debug|Any CPU.Build.0 = Debug|Any CPU
		{970E8EE8-5C59-45C7-98AF-6C98BE7A2F01}.Debug|x64.ActiveCfg = Debug|Any CPU
		{970E8EE8-5C59-45C7-98AF-6C98BE7A2F01}.Debug|x64.Build.0 = Debug|Any CPU
		{970E8EE8-5C59-45C7-98AF-6C98BE7A2F01}.Release|Any CPU.ActiveCfg = Release|Any CPU
		{970E8EE8-5C59-45C7-98AF-6C98BE7A2F01}.Release|Any CPU.Build.0 = Release|Any CPU
		{970E8EE8-5C59-45C7-98AF-6C98BE7A2F01}.Release|x64.ActiveCfg = Release|Any CPU
		{970E8EE8-5C59-45C7-98AF-6C98BE7A2F01}.Release|x64.Build.0 = Release|Any CPU
		{81991B1D-4386-4A95-AFF9-60111F34F202}.Debug|Any CPU.ActiveCfg = Debug|Any CPU
		{81991B1D-4386-4A95-AFF9-60111F34F202}.Debug|Any CPU.Build.0 = Debug|Any CPU
		{81991B1D-4386-4A95-AFF9-60111F34F202}.Debug|x64.ActiveCfg = Debug|Any CPU
		{81991B1D-4386-4A95-AFF9-60111F34F202}.Debug|x64.Build.0 = Debug|Any CPU
		{81991B1D-4386-4A95-AFF9-60111F34F202}.Release|Any CPU.ActiveCfg = Release|Any CPU
		{81991B1D-4386-4A95-AFF9-60111F34F202}.Release|Any CPU.Build.0 = Release|Any CPU
		{81991B1D-4386-4A95-AFF9-60111F34F202}.Release|x64.ActiveCfg = Release|Any CPU
		{81991B1D-4386-4A95-AFF9-60111F34F202}.Release|x64.Build.0 = Release|Any CPU
		{96EF1C42-B525-4777-97B4-E14105F2F13A}.Debug|Any CPU.ActiveCfg = Debug|Any CPU
		{96EF1C42-B525-4777-97B4-E14105F2F13A}.Debug|Any CPU.Build.0 = Debug|Any CPU
		{96EF1C42-B525-4777-97B4-E14105F2F13A}.Debug|x64.ActiveCfg = Debug|Any CPU
		{96EF1C42-B525-4777-97B4-E14105F2F13A}.Debug|x64.Build.0 = Debug|Any CPU
		{96EF1C42-B525-4777-97B4-E14105F2F13A}.Release|Any CPU.ActiveCfg = Release|Any CPU
		{96EF1C42-B525-4777-97B4-E14105F2F13A}.Release|Any CPU.Build.0 = Release|Any CPU
		{96EF1C42-B525-4777-97B4-E14105F2F13A}.Release|x64.ActiveCfg = Release|Any CPU
		{96EF1C42-B525-4777-97B4-E14105F2F13A}.Release|x64.Build.0 = Release|Any CPU
		{2C3BD135-F4FF-4132-9705-455F5F0F0DE1}.Debug|Any CPU.ActiveCfg = Debug|Any CPU
		{2C3BD135-F4FF-4132-9705-455F5F0F0DE1}.Debug|Any CPU.Build.0 = Debug|Any CPU
		{2C3BD135-F4FF-4132-9705-455F5F0F0DE1}.Debug|x64.ActiveCfg = Debug|Any CPU
		{2C3BD135-F4FF-4132-9705-455F5F0F0DE1}.Debug|x64.Build.0 = Debug|Any CPU
		{2C3BD135-F4FF-4132-9705-455F5F0F0DE1}.Release|Any CPU.ActiveCfg = Release|Any CPU
		{2C3BD135-F4FF-4132-9705-455F5F0F0DE1}.Release|Any CPU.Build.0 = Release|Any CPU
		{2C3BD135-F4FF-4132-9705-455F5F0F0DE1}.Release|x64.ActiveCfg = Release|Any CPU
		{2C3BD135-F4FF-4132-9705-455F5F0F0DE1}.Release|x64.Build.0 = Release|Any CPU
		{A5356ED9-0903-4C67-9FB3-62A224F2863F}.Debug|Any CPU.ActiveCfg = Debug|Any CPU
		{A5356ED9-0903-4C67-9FB3-62A224F2863F}.Debug|Any CPU.Build.0 = Debug|Any CPU
		{A5356ED9-0903-4C67-9FB3-62A224F2863F}.Debug|x64.ActiveCfg = Debug|Any CPU
		{A5356ED9-0903-4C67-9FB3-62A224F2863F}.Debug|x64.Build.0 = Debug|Any CPU
		{A5356ED9-0903-4C67-9FB3-62A224F2863F}.Release|Any CPU.ActiveCfg = Release|Any CPU
		{A5356ED9-0903-4C67-9FB3-62A224F2863F}.Release|Any CPU.Build.0 = Release|Any CPU
		{A5356ED9-0903-4C67-9FB3-62A224F2863F}.Release|x64.ActiveCfg = Release|Any CPU
		{A5356ED9-0903-4C67-9FB3-62A224F2863F}.Release|x64.Build.0 = Release|Any CPU
		{F72F2AD8-B7D4-4809-A8DB-1F3EDED85858}.Debug|Any CPU.ActiveCfg = Debug|Any CPU
		{F72F2AD8-B7D4-4809-A8DB-1F3EDED85858}.Debug|Any CPU.Build.0 = Debug|Any CPU
		{F72F2AD8-B7D4-4809-A8DB-1F3EDED85858}.Debug|x64.ActiveCfg = Debug|Any CPU
		{F72F2AD8-B7D4-4809-A8DB-1F3EDED85858}.Debug|x64.Build.0 = Debug|Any CPU
		{F72F2AD8-B7D4-4809-A8DB-1F3EDED85858}.Release|Any CPU.ActiveCfg = Release|Any CPU
		{F72F2AD8-B7D4-4809-A8DB-1F3EDED85858}.Release|Any CPU.Build.0 = Release|Any CPU
		{F72F2AD8-B7D4-4809-A8DB-1F3EDED85858}.Release|x64.ActiveCfg = Release|Any CPU
		{F72F2AD8-B7D4-4809-A8DB-1F3EDED85858}.Release|x64.Build.0 = Release|Any CPU
		{388B833A-EC59-4209-979D-26C3FB772458}.Debug|Any CPU.ActiveCfg = Debug|Any CPU
		{388B833A-EC59-4209-979D-26C3FB772458}.Debug|Any CPU.Build.0 = Debug|Any CPU
		{388B833A-EC59-4209-979D-26C3FB772458}.Debug|x64.ActiveCfg = Debug|Any CPU
		{388B833A-EC59-4209-979D-26C3FB772458}.Debug|x64.Build.0 = Debug|Any CPU
		{388B833A-EC59-4209-979D-26C3FB772458}.Release|Any CPU.ActiveCfg = Release|Any CPU
		{388B833A-EC59-4209-979D-26C3FB772458}.Release|Any CPU.Build.0 = Release|Any CPU
		{388B833A-EC59-4209-979D-26C3FB772458}.Release|x64.ActiveCfg = Release|Any CPU
		{388B833A-EC59-4209-979D-26C3FB772458}.Release|x64.Build.0 = Release|Any CPU
		{674ED857-6C59-4AB7-B90D-CF614E07ECAF}.Debug|Any CPU.ActiveCfg = Debug|Any CPU
		{674ED857-6C59-4AB7-B90D-CF614E07ECAF}.Debug|Any CPU.Build.0 = Debug|Any CPU
		{674ED857-6C59-4AB7-B90D-CF614E07ECAF}.Debug|x64.ActiveCfg = Debug|Any CPU
		{674ED857-6C59-4AB7-B90D-CF614E07ECAF}.Debug|x64.Build.0 = Debug|Any CPU
		{674ED857-6C59-4AB7-B90D-CF614E07ECAF}.Release|Any CPU.ActiveCfg = Release|Any CPU
		{674ED857-6C59-4AB7-B90D-CF614E07ECAF}.Release|Any CPU.Build.0 = Release|Any CPU
		{674ED857-6C59-4AB7-B90D-CF614E07ECAF}.Release|x64.ActiveCfg = Release|Any CPU
		{674ED857-6C59-4AB7-B90D-CF614E07ECAF}.Release|x64.Build.0 = Release|Any CPU
		{70AFBBFC-AA1B-416A-B902-74628D066F10}.Debug|Any CPU.ActiveCfg = Debug|Any CPU
		{70AFBBFC-AA1B-416A-B902-74628D066F10}.Debug|Any CPU.Build.0 = Debug|Any CPU
		{70AFBBFC-AA1B-416A-B902-74628D066F10}.Debug|x64.ActiveCfg = Debug|Any CPU
		{70AFBBFC-AA1B-416A-B902-74628D066F10}.Debug|x64.Build.0 = Debug|Any CPU
		{70AFBBFC-AA1B-416A-B902-74628D066F10}.Release|Any CPU.ActiveCfg = Release|Any CPU
		{70AFBBFC-AA1B-416A-B902-74628D066F10}.Release|Any CPU.Build.0 = Release|Any CPU
		{70AFBBFC-AA1B-416A-B902-74628D066F10}.Release|x64.ActiveCfg = Release|Any CPU
		{70AFBBFC-AA1B-416A-B902-74628D066F10}.Release|x64.Build.0 = Release|Any CPU
		{5A3BA131-D2A8-4C1B-903C-E7DC069C275E}.Debug|Any CPU.ActiveCfg = Debug|Any CPU
		{5A3BA131-D2A8-4C1B-903C-E7DC069C275E}.Debug|Any CPU.Build.0 = Debug|Any CPU
		{5A3BA131-D2A8-4C1B-903C-E7DC069C275E}.Debug|x64.ActiveCfg = Debug|Any CPU
		{5A3BA131-D2A8-4C1B-903C-E7DC069C275E}.Debug|x64.Build.0 = Debug|Any CPU
		{5A3BA131-D2A8-4C1B-903C-E7DC069C275E}.Release|Any CPU.ActiveCfg = Release|Any CPU
		{5A3BA131-D2A8-4C1B-903C-E7DC069C275E}.Release|Any CPU.Build.0 = Release|Any CPU
		{5A3BA131-D2A8-4C1B-903C-E7DC069C275E}.Release|x64.ActiveCfg = Release|Any CPU
		{5A3BA131-D2A8-4C1B-903C-E7DC069C275E}.Release|x64.Build.0 = Release|Any CPU
		{96DE76FB-C0A9-4553-8ABC-1FDA801BAB06}.Debug|Any CPU.ActiveCfg = Debug|Any CPU
		{96DE76FB-C0A9-4553-8ABC-1FDA801BAB06}.Debug|Any CPU.Build.0 = Debug|Any CPU
		{96DE76FB-C0A9-4553-8ABC-1FDA801BAB06}.Debug|x64.ActiveCfg = Debug|Any CPU
		{96DE76FB-C0A9-4553-8ABC-1FDA801BAB06}.Debug|x64.Build.0 = Debug|Any CPU
		{96DE76FB-C0A9-4553-8ABC-1FDA801BAB06}.Release|Any CPU.ActiveCfg = Release|Any CPU
		{96DE76FB-C0A9-4553-8ABC-1FDA801BAB06}.Release|Any CPU.Build.0 = Release|Any CPU
		{96DE76FB-C0A9-4553-8ABC-1FDA801BAB06}.Release|x64.ActiveCfg = Release|Any CPU
		{96DE76FB-C0A9-4553-8ABC-1FDA801BAB06}.Release|x64.Build.0 = Release|Any CPU
		{19620B7B-DC2D-44DA-9710-9D0989B9240F}.Debug|Any CPU.ActiveCfg = Debug|Any CPU
		{19620B7B-DC2D-44DA-9710-9D0989B9240F}.Debug|Any CPU.Build.0 = Debug|Any CPU
		{19620B7B-DC2D-44DA-9710-9D0989B9240F}.Debug|x64.ActiveCfg = Debug|Any CPU
		{19620B7B-DC2D-44DA-9710-9D0989B9240F}.Debug|x64.Build.0 = Debug|Any CPU
		{19620B7B-DC2D-44DA-9710-9D0989B9240F}.Release|Any CPU.ActiveCfg = Release|Any CPU
		{19620B7B-DC2D-44DA-9710-9D0989B9240F}.Release|Any CPU.Build.0 = Release|Any CPU
		{19620B7B-DC2D-44DA-9710-9D0989B9240F}.Release|x64.ActiveCfg = Release|Any CPU
		{19620B7B-DC2D-44DA-9710-9D0989B9240F}.Release|x64.Build.0 = Release|Any CPU
		{8915B218-FACE-4947-8DEF-DE353BE4008B}.Debug|Any CPU.ActiveCfg = Debug|Any CPU
		{8915B218-FACE-4947-8DEF-DE353BE4008B}.Debug|Any CPU.Build.0 = Debug|Any CPU
		{8915B218-FACE-4947-8DEF-DE353BE4008B}.Debug|x64.ActiveCfg = Debug|Any CPU
		{8915B218-FACE-4947-8DEF-DE353BE4008B}.Debug|x64.Build.0 = Debug|Any CPU
		{8915B218-FACE-4947-8DEF-DE353BE4008B}.Release|Any CPU.ActiveCfg = Release|Any CPU
		{8915B218-FACE-4947-8DEF-DE353BE4008B}.Release|Any CPU.Build.0 = Release|Any CPU
		{8915B218-FACE-4947-8DEF-DE353BE4008B}.Release|x64.ActiveCfg = Release|Any CPU
		{8915B218-FACE-4947-8DEF-DE353BE4008B}.Release|x64.Build.0 = Release|Any CPU
		{5ACE1107-337C-41CB-866E-E10985188EFA}.Debug|Any CPU.ActiveCfg = Debug|Any CPU
		{5ACE1107-337C-41CB-866E-E10985188EFA}.Debug|Any CPU.Build.0 = Debug|Any CPU
		{5ACE1107-337C-41CB-866E-E10985188EFA}.Debug|x64.ActiveCfg = Debug|Any CPU
		{5ACE1107-337C-41CB-866E-E10985188EFA}.Debug|x64.Build.0 = Debug|Any CPU
		{5ACE1107-337C-41CB-866E-E10985188EFA}.Release|Any CPU.ActiveCfg = Release|Any CPU
		{5ACE1107-337C-41CB-866E-E10985188EFA}.Release|Any CPU.Build.0 = Release|Any CPU
		{5ACE1107-337C-41CB-866E-E10985188EFA}.Release|x64.ActiveCfg = Release|Any CPU
		{5ACE1107-337C-41CB-866E-E10985188EFA}.Release|x64.Build.0 = Release|Any CPU
		{00CF42FF-2180-44D8-89F3-CB02829CE355}.Debug|Any CPU.ActiveCfg = Debug|Any CPU
		{00CF42FF-2180-44D8-89F3-CB02829CE355}.Debug|Any CPU.Build.0 = Debug|Any CPU
		{00CF42FF-2180-44D8-89F3-CB02829CE355}.Debug|x64.ActiveCfg = Debug|Any CPU
		{00CF42FF-2180-44D8-89F3-CB02829CE355}.Debug|x64.Build.0 = Debug|Any CPU
		{00CF42FF-2180-44D8-89F3-CB02829CE355}.Release|Any CPU.ActiveCfg = Release|Any CPU
		{00CF42FF-2180-44D8-89F3-CB02829CE355}.Release|Any CPU.Build.0 = Release|Any CPU
		{00CF42FF-2180-44D8-89F3-CB02829CE355}.Release|x64.ActiveCfg = Release|Any CPU
		{00CF42FF-2180-44D8-89F3-CB02829CE355}.Release|x64.Build.0 = Release|Any CPU
		{03DC9320-67CD-40EC-BEFD-755FC208D347}.Debug|Any CPU.ActiveCfg = Debug|Any CPU
		{03DC9320-67CD-40EC-BEFD-755FC208D347}.Debug|Any CPU.Build.0 = Debug|Any CPU
		{03DC9320-67CD-40EC-BEFD-755FC208D347}.Debug|x64.ActiveCfg = Debug|Any CPU
		{03DC9320-67CD-40EC-BEFD-755FC208D347}.Debug|x64.Build.0 = Debug|Any CPU
		{03DC9320-67CD-40EC-BEFD-755FC208D347}.Release|Any CPU.ActiveCfg = Release|Any CPU
		{03DC9320-67CD-40EC-BEFD-755FC208D347}.Release|Any CPU.Build.0 = Release|Any CPU
		{03DC9320-67CD-40EC-BEFD-755FC208D347}.Release|x64.ActiveCfg = Release|Any CPU
		{03DC9320-67CD-40EC-BEFD-755FC208D347}.Release|x64.Build.0 = Release|Any CPU
		{B5CF1DEF-4E91-4A7D-81E7-74B8FDDA19EA}.Debug|Any CPU.ActiveCfg = Debug|Any CPU
		{B5CF1DEF-4E91-4A7D-81E7-74B8FDDA19EA}.Debug|Any CPU.Build.0 = Debug|Any CPU
		{B5CF1DEF-4E91-4A7D-81E7-74B8FDDA19EA}.Debug|x64.ActiveCfg = Debug|Any CPU
		{B5CF1DEF-4E91-4A7D-81E7-74B8FDDA19EA}.Debug|x64.Build.0 = Debug|Any CPU
		{B5CF1DEF-4E91-4A7D-81E7-74B8FDDA19EA}.Release|Any CPU.ActiveCfg = Release|Any CPU
		{B5CF1DEF-4E91-4A7D-81E7-74B8FDDA19EA}.Release|Any CPU.Build.0 = Release|Any CPU
		{B5CF1DEF-4E91-4A7D-81E7-74B8FDDA19EA}.Release|x64.ActiveCfg = Release|Any CPU
		{B5CF1DEF-4E91-4A7D-81E7-74B8FDDA19EA}.Release|x64.Build.0 = Release|Any CPU
		{751756FD-B705-4C17-A6F8-43973A8A45BE}.Debug|Any CPU.ActiveCfg = Debug|Any CPU
		{751756FD-B705-4C17-A6F8-43973A8A45BE}.Debug|Any CPU.Build.0 = Debug|Any CPU
		{751756FD-B705-4C17-A6F8-43973A8A45BE}.Debug|x64.ActiveCfg = Debug|Any CPU
		{751756FD-B705-4C17-A6F8-43973A8A45BE}.Debug|x64.Build.0 = Debug|Any CPU
		{751756FD-B705-4C17-A6F8-43973A8A45BE}.Release|Any CPU.ActiveCfg = Release|Any CPU
		{751756FD-B705-4C17-A6F8-43973A8A45BE}.Release|Any CPU.Build.0 = Release|Any CPU
		{751756FD-B705-4C17-A6F8-43973A8A45BE}.Release|x64.ActiveCfg = Release|Any CPU
		{751756FD-B705-4C17-A6F8-43973A8A45BE}.Release|x64.Build.0 = Release|Any CPU
		{CFBD5549-864C-435B-9D75-782A19E17D30}.Debug|Any CPU.ActiveCfg = Debug|Any CPU
		{CFBD5549-864C-435B-9D75-782A19E17D30}.Debug|Any CPU.Build.0 = Debug|Any CPU
		{CFBD5549-864C-435B-9D75-782A19E17D30}.Debug|x64.ActiveCfg = Debug|Any CPU
		{CFBD5549-864C-435B-9D75-782A19E17D30}.Debug|x64.Build.0 = Debug|Any CPU
		{CFBD5549-864C-435B-9D75-782A19E17D30}.Release|Any CPU.ActiveCfg = Release|Any CPU
		{CFBD5549-864C-435B-9D75-782A19E17D30}.Release|Any CPU.Build.0 = Release|Any CPU
		{CFBD5549-864C-435B-9D75-782A19E17D30}.Release|x64.ActiveCfg = Release|Any CPU
		{CFBD5549-864C-435B-9D75-782A19E17D30}.Release|x64.Build.0 = Release|Any CPU
		{DA6CFEB0-9C14-423F-862A-4FD10D79305D}.Debug|Any CPU.ActiveCfg = Debug|Any CPU
		{DA6CFEB0-9C14-423F-862A-4FD10D79305D}.Debug|Any CPU.Build.0 = Debug|Any CPU
		{DA6CFEB0-9C14-423F-862A-4FD10D79305D}.Debug|x64.ActiveCfg = Debug|Any CPU
		{DA6CFEB0-9C14-423F-862A-4FD10D79305D}.Debug|x64.Build.0 = Debug|Any CPU
		{DA6CFEB0-9C14-423F-862A-4FD10D79305D}.Release|Any CPU.ActiveCfg = Release|Any CPU
		{DA6CFEB0-9C14-423F-862A-4FD10D79305D}.Release|Any CPU.Build.0 = Release|Any CPU
		{DA6CFEB0-9C14-423F-862A-4FD10D79305D}.Release|x64.ActiveCfg = Release|Any CPU
		{DA6CFEB0-9C14-423F-862A-4FD10D79305D}.Release|x64.Build.0 = Release|Any CPU
		{AB26958D-7FCB-48FD-AD77-517DDF299475}.Debug|Any CPU.ActiveCfg = Debug|Any CPU
		{AB26958D-7FCB-48FD-AD77-517DDF299475}.Debug|Any CPU.Build.0 = Debug|Any CPU
		{AB26958D-7FCB-48FD-AD77-517DDF299475}.Debug|x64.ActiveCfg = Debug|Any CPU
		{AB26958D-7FCB-48FD-AD77-517DDF299475}.Debug|x64.Build.0 = Debug|Any CPU
		{AB26958D-7FCB-48FD-AD77-517DDF299475}.Release|Any CPU.ActiveCfg = Release|Any CPU
		{AB26958D-7FCB-48FD-AD77-517DDF299475}.Release|Any CPU.Build.0 = Release|Any CPU
		{AB26958D-7FCB-48FD-AD77-517DDF299475}.Release|x64.ActiveCfg = Release|Any CPU
		{AB26958D-7FCB-48FD-AD77-517DDF299475}.Release|x64.Build.0 = Release|Any CPU
	EndGlobalSection
	GlobalSection(SolutionProperties) = preSolution
		HideSolutionNode = FALSE
	EndGlobalSection
EndGlobal
