
Microsoft Visual Studio Solution File, Format Version 11.00
# Visual Studio 2010
Project("{FAE04EC0-301F-11D3-BF4B-00C04F79EFBC}") = "IFactory.WebApi", "IFactory.WebApi.csproj", "{970E8EE8-5C59-45C7-98AF-6C98BE7A2F01}"
EndProject
Global
	GlobalSection(SolutionConfigurationPlatforms) = preSolution
		Debug|Any CPU = Debug|Any CPU
		Release|Any CPU = Release|Any CPU
	EndGlobalSection
	GlobalSection(ProjectConfigurationPlatforms) = postSolution
		{970E8EE8-5C59-45C7-98AF-6C98BE7A2F01}.Debug|Any CPU.ActiveCfg = Debug|Any CPU
		{970E8EE8-5C59-45C7-98AF-6C98BE7A2F01}.Debug|Any CPU.Build.0 = Debug|Any CPU
		{970E8EE8-5C59-45C7-98AF-6C98BE7A2F01}.Release|Any CPU.ActiveCfg = Release|Any CPU
		{970E8EE8-5C59-45C7-98AF-6C98BE7A2F01}.Release|Any CPU.Build.0 = Release|Any CPU
	EndGlobalSection
	GlobalSection(SolutionProperties) = preSolution
		HideSolutionNode = FALSE
	EndGlobalSection
EndGlobal
